
Microsoft Visual Studio Solution File, Format Version 12.00
# Visual Studio Version 16
VisualStudioVersion = 16.0.30804.86
MinimumVisualStudioVersion = 10.0.40219.1
Project("{FAE04EC0-301F-11D3-BF4B-00C04F79EFBC}") = "Transocde", "src\Transocde\Transocde.csproj", "{288F2EAF-D05F-4C1A-BA12-2309B7342B34}"
EndProject
Global
	GlobalSection(SolutionConfigurationPlatforms) = preSolution
		Debug|Any CPU = Debug|Any CPU
		Release|Any CPU = Release|Any CPU
	EndGlobalSection
	GlobalSection(ProjectConfigurationPlatforms) = postSolution
		{288F2EAF-D05F-4C1A-BA12-2309B7342B34}.Debug|Any CPU.ActiveCfg = Debug|Any CPU
		{288F2EAF-D05F-4C1A-BA12-2309B7342B34}.Debug|Any CPU.Build.0 = Debug|Any CPU
		{288F2EAF-D05F-4C1A-BA12-2309B7342B34}.Release|Any CPU.ActiveCfg = Release|Any CPU
		{288F2EAF-D05F-4C1A-BA12-2309B7342B34}.Release|Any CPU.Build.0 = Release|Any CPU
	EndGlobalSection
	GlobalSection(SolutionProperties) = preSolution
		HideSolutionNode = FALSE
	EndGlobalSection
	GlobalSection(ExtensibilityGlobals) = postSolution
		SolutionGuid = {CFBA6246-A05C-41E3-82BA-11EE76799A3A}
	EndGlobalSection
EndGlobal
